
Microsoft Visual Studio Solution File, Format Version 12.00
# Visual Studio Version 17
VisualStudioVersion = 17.0.32014.148
MinimumVisualStudioVersion = 10.0.40219.1
Project("{8BC9CEB8-8B4A-11D0-8D11-00A0C91BC942}") = "RaytracingCPU", "RaytracingCPU\RaytracingCPU.vcxproj", "{B65C06F6-9B7F-434C-8562-EFBD51565C6C}"
EndProject
Global
	GlobalSection(SolutionConfigurationPlatforms) = preSolution
		Debug|x64 = Debug|x64
		Debug|x86 = Debug|x86
		Release|x64 = Release|x64
		Release|x86 = Release|x86
	EndGlobalSection
	GlobalSection(ProjectConfigurationPlatforms) = postSolution
		{B65C06F6-9B7F-434C-8562-EFBD51565C6C}.Debug|x64.ActiveCfg = Debug|x64
		{B65C06F6-9B7F-434C-8562-EFBD51565C6C}.Debug|x64.Build.0 = Debug|x64
		{B65C06F6-9B7F-434C-8562-EFBD51565C6C}.Debug|x86.ActiveCfg = Debug|Win32
		{B65C06F6-9B7F-434C-8562-EFBD51565C6C}.Debug|x86.Build.0 = Debug|Win32
		{B65C06F6-9B7F-434C-8562-EFBD51565C6C}.Release|x64.ActiveCfg = Release|x64
		{B65C06F6-9B7F-434C-8562-EFBD51565C6C}.Release|x64.Build.0 = Release|x64
		{B65C06F6-9B7F-434C-8562-EFBD51565C6C}.Release|x86.ActiveCfg = Release|Win32
		{B65C06F6-9B7F-434C-8562-EFBD51565C6C}.Release|x86.Build.0 = Release|Win32
	EndGlobalSection
	GlobalSection(SolutionProperties) = preSolution
		HideSolutionNode = FALSE
	EndGlobalSection
	GlobalSection(ExtensibilityGlobals) = postSolution
		SolutionGuid = {2566AE92-E460-4069-B0EA-A28AD72F09EF}
	EndGlobalSection
EndGlobal
